
Microsoft Visual Studio Solution File, Format Version 12.00
# Visual Studio Version 17
VisualStudioVersion = 17.5.33516.290
MinimumVisualStudioVersion = 10.0.40219.1
Project("{FAE04EC0-301F-11D3-BF4B-00C04F79EFBC}") = "ControlDemoApp", "ControlDemoApp\ControlDemoApp.csproj", "{CF630F23-E697-4E7D-B4AC-67712A50C026}"
EndProject
Global
	GlobalSection(SolutionConfigurationPlatforms) = preSolution
		Debug|Any CPU = Debug|Any CPU
		Release|Any CPU = Release|Any CPU
	EndGlobalSection
	GlobalSection(ProjectConfigurationPlatforms) = postSolution
		{CF630F23-E697-4E7D-B4AC-67712A50C026}.Debug|Any CPU.ActiveCfg = Debug|Any CPU
		{CF630F23-E697-4E7D-B4AC-67712A50C026}.Debug|Any CPU.Build.0 = Debug|Any CPU
		{CF630F23-E697-4E7D-B4AC-67712A50C026}.Release|Any CPU.ActiveCfg = Release|Any CPU
		{CF630F23-E697-4E7D-B4AC-67712A50C026}.Release|Any CPU.Build.0 = Release|Any CPU
	EndGlobalSection
	GlobalSection(SolutionProperties) = preSolution
		HideSolutionNode = FALSE
	EndGlobalSection
	GlobalSection(ExtensibilityGlobals) = postSolution
		SolutionGuid = {889825EF-A78A-44C0-9ED2-1C8BBB29A142}
	EndGlobalSection
EndGlobal
